// !$*UTF8*$!
{
	archiveVersion = 1;
	classes = {
	};
	objectVersion = 77;
	objects = {

/* Begin PBXBuildFile section */
		0F901A972F3D0A4600876BDE /* StereoShiftShareExtension.appex in Embed App Extensions */ = {isa = PBXBuildFile; fileRef = 0F901A902F3D0A4600876BDE /* StereoShiftShareExtension.appex */; };
/* End PBXBuildFile section */

/* Begin PBXContainerItemProxy section */
		0F901A742F3D0A4600876BDE /* PBXContainerItemProxy */ = {
			isa = PBXContainerItemProxy;
			containerPortal = 0F901A5E2F3D0A4400876BDE /* Project object */;
			proxyType = 1;
			remoteGlobalIDString = 0F901A652F3D0A4400876BDE;
			remoteInfo = StereoShift;
		};
		0F901A7E2F3D0A4600876BDE /* PBXContainerItemProxy */ = {
			isa = PBXContainerItemProxy;
			containerPortal = 0F901A5E2F3D0A4400876BDE /* Project object */;
			proxyType = 1;
			remoteGlobalIDString = 0F901A652F3D0A4400876BDE;
			remoteInfo = StereoShift;
		};
		0F901A992F3D0A4600876BDE /* PBXContainerItemProxy */ = {
			isa = PBXContainerItemProxy;
			containerPortal = 0F901A5E2F3D0A4400876BDE /* Project object */;
			proxyType = 1;
			remoteGlobalIDString = 0F901A922F3D0A4600876BDE;
			remoteInfo = StereoShiftShareExtension;
		};
/* End PBXContainerItemProxy section */

/* Begin PBXCopyFilesBuildPhase section */
		0F901A962F3D0A4600876BDE /* Embed App Extensions */ = {
			isa = PBXCopyFilesBuildPhase;
			buildActionMask = 2147483647;
			dstPath = "";
			dstSubfolderSpec = 13;
			files = (
				0F901A972F3D0A4600876BDE /* StereoShiftShareExtension.appex in Embed App Extensions */,
			);
			name = "Embed App Extensions";
			runOnlyForDeploymentPostprocessing = 0;
		};
/* End PBXCopyFilesBuildPhase section */

/* Begin PBXFileReference section */
		0F901A662F3D0A4400876BDE /* StereoShift.app */ = {isa = PBXFileReference; explicitFileType = wrapper.application; includeInIndex = 0; path = StereoShift.app; sourceTree = BUILT_PRODUCTS_DIR; };
		0F901A732F3D0A4600876BDE /* StereoShiftTests.xctest */ = {isa = PBXFileReference; explicitFileType = wrapper.cfbundle; includeInIndex = 0; path = StereoShiftTests.xctest; sourceTree = BUILT_PRODUCTS_DIR; };
		0F901A7D2F3D0A4600876BDE /* StereoShiftUITests.xctest */ = {isa = PBXFileReference; explicitFileType = wrapper.cfbundle; includeInIndex = 0; path = StereoShiftUITests.xctest; sourceTree = BUILT_PRODUCTS_DIR; };
		0F901A902F3D0A4600876BDE /* StereoShiftShareExtension.appex */ = {isa = PBXFileReference; explicitFileType = "wrapper.app-extension"; includeInIndex = 0; path = StereoShiftShareExtension.appex; sourceTree = BUILT_PRODUCTS_DIR; };
/* End PBXFileReference section */

/* Begin PBXFileSystemSynchronizedRootGroup section */
		0F901A682F3D0A4400876BDE /* StereoShift */ = {
			isa = PBXFileSystemSynchronizedRootGroup;
			path = StereoShift;
			sourceTree = "<group>";
		};
		0F901A762F3D0A4600876BDE /* StereoShiftTests */ = {
			isa = PBXFileSystemSynchronizedRootGroup;
			path = StereoShiftTests;
			sourceTree = "<group>";
		};
		0F901A802F3D0A4600876BDE /* StereoShiftUITests */ = {
			isa = PBXFileSystemSynchronizedRootGroup;
			path = StereoShiftUITests;
			sourceTree = "<group>";
		};
		0F901A912F3D0A4600876BDE /* StereoShiftShareExtension */ = {
			isa = PBXFileSystemSynchronizedRootGroup;
			path = StereoShiftShareExtension;
			sourceTree = "<group>";
		};
/* End PBXFileSystemSynchronizedRootGroup section */

/* Begin PBXFrameworksBuildPhase section */
		0F901A632F3D0A4400876BDE /* Frameworks */ = {
			isa = PBXFrameworksBuildPhase;
			buildActionMask = 2147483647;
			files = (
			);
			runOnlyForDeploymentPostprocessing = 0;
		};
		0F901A702F3D0A4600876BDE /* Frameworks */ = {
			isa = PBXFrameworksBuildPhase;
			buildActionMask = 2147483647;
			files = (
			);
			runOnlyForDeploymentPostprocessing = 0;
		};
		0F901A7A2F3D0A4600876BDE /* Frameworks */ = {
			isa = PBXFrameworksBuildPhase;
			buildActionMask = 2147483647;
			files = (
			);
			runOnlyForDeploymentPostprocessing = 0;
		};
		0F901A942F3D0A4600876BDE /* Frameworks */ = {
			isa = PBXFrameworksBuildPhase;
			buildActionMask = 2147483647;
			files = (
			);
			runOnlyForDeploymentPostprocessing = 0;
		};
/* End PBXFrameworksBuildPhase section */

/* Begin PBXGroup section */
		0F901A5D2F3D0A4400876BDE = {
			isa = PBXGroup;
			children = (
				0F901A682F3D0A4400876BDE /* StereoShift */,
				0F901A762F3D0A4600876BDE /* StereoShiftTests */,
				0F901A802F3D0A4600876BDE /* StereoShiftUITests */,
				0F901A912F3D0A4600876BDE /* StereoShiftShareExtension */,
				0F901A672F3D0A4400876BDE /* Products */,
			);
			sourceTree = "<group>";
		};
		0F901A672F3D0A4400876BDE /* Products */ = {
			isa = PBXGroup;
			children = (
				0F901A662F3D0A4400876BDE /* StereoShift.app */,
				0F901A732F3D0A4600876BDE /* StereoShiftTests.xctest */,
				0F901A7D2F3D0A4600876BDE /* StereoShiftUITests.xctest */,
				0F901A902F3D0A4600876BDE /* StereoShiftShareExtension.appex */,
			);
			name = Products;
			sourceTree = "<group>";
		};
/* End PBXGroup section */

/* Begin PBXNativeTarget section */
		0F901A652F3D0A4400876BDE /* StereoShift */ = {
			isa = PBXNativeTarget;
			buildConfigurationList = 0F901A872F3D0A4600876BDE /* Build configuration list for PBXNativeTarget "StereoShift" */;
			buildPhases = (
				0F901A622F3D0A4400876BDE /* Sources */,
				0F901A632F3D0A4400876BDE /* Frameworks */,
				0F901A962F3D0A4600876BDE /* Embed App Extensions */,
				0F901A642F3D0A4400876BDE /* Resources */,
			);
			buildRules = (
			);
			dependencies = (
				0F901A982F3D0A4600876BDE /* PBXTargetDependency */,
			);
			fileSystemSynchronizedGroups = (
				0F901A682F3D0A4400876BDE /* StereoShift */,
			);
			name = StereoShift;
			packageProductDependencies = (
			);
			productName = StereoShift;
			productReference = 0F901A662F3D0A4400876BDE /* StereoShift.app */;
			productType = "com.apple.product-type.application";
		};
		0F901A722F3D0A4600876BDE /* StereoShiftTests */ = {
			isa = PBXNativeTarget;
			buildConfigurationList = 0F901A8A2F3D0A4600876BDE /* Build configuration list for PBXNativeTarget "StereoShiftTests" */;
			buildPhases = (
				0F901A6F2F3D0A4600876BDE /* Sources */,
				0F901A702F3D0A4600876BDE /* Frameworks */,
				0F901A712F3D0A4600876BDE /* Resources */,
			);
			buildRules = (
			);
			dependencies = (
				0F901A752F3D0A4600876BDE /* PBXTargetDependency */,
			);
			fileSystemSynchronizedGroups = (
				0F901A762F3D0A4600876BDE /* StereoShiftTests */,
			);
			name = StereoShiftTests;
			packageProductDependencies = (
			);
			productName = StereoShiftTests;
			productReference = 0F901A732F3D0A4600876BDE /* StereoShiftTests.xctest */;
			productType = "com.apple.product-type.bundle.unit-test";
		};
		0F901A7C2F3D0A4600876BDE /* StereoShiftUITests */ = {
			isa = PBXNativeTarget;
			buildConfigurationList = 0F901A8D2F3D0A4600876BDE /* Build configuration list for PBXNativeTarget "StereoShiftUITests" */;
			buildPhases = (
				0F901A792F3D0A4600876BDE /* Sources */,
				0F901A7A2F3D0A4600876BDE /* Frameworks */,
				0F901A7B2F3D0A4600876BDE /* Resources */,
			);
			buildRules = (
			);
			dependencies = (
				0F901A7F2F3D0A4600876BDE /* PBXTargetDependency */,
			);
			fileSystemSynchronizedGroups = (
				0F901A802F3D0A4600876BDE /* StereoShiftUITests */,
			);
			name = StereoShiftUITests;
			packageProductDependencies = (
			);
			productName = StereoShiftUITests;
			productReference = 0F901A7D2F3D0A4600876BDE /* StereoShiftUITests.xctest */;
			productType = "com.apple.product-type.bundle.ui-testing";
		};
		0F901A922F3D0A4600876BDE /* StereoShiftShareExtension */ = {
			isa = PBXNativeTarget;
			buildConfigurationList = 0F901A9A2F3D0A4600876BDE /* Build configuration list for PBXNativeTarget "StereoShiftShareExtension" */;
			buildPhases = (
				0F901A932F3D0A4600876BDE /* Sources */,
				0F901A942F3D0A4600876BDE /* Frameworks */,
				0F901A952F3D0A4600876BDE /* Resources */,
			);
			buildRules = (
			);
			dependencies = (
			);
			fileSystemSynchronizedGroups = (
				0F901A912F3D0A4600876BDE /* StereoShiftShareExtension */,
			);
			name = StereoShiftShareExtension;
			packageProductDependencies = (
			);
			productName = StereoShiftShareExtension;
			productReference = 0F901A902F3D0A4600876BDE /* StereoShiftShareExtension.appex */;
			productType = "com.apple.product-type.app-extension";
		};
/* End PBXNativeTarget section */

/* Begin PBXProject section */
		0F901A5E2F3D0A4400876BDE /* Project object */ = {
			isa = PBXProject;
			attributes = {
				BuildIndependentTargetsInParallel = 1;
				LastSwiftUpdateCheck = 2620;
				LastUpgradeCheck = 2620;
				TargetAttributes = {
					0F901A652F3D0A4400876BDE = {
						CreatedOnToolsVersion = 26.2;
						SystemCapabilities = {
							com.apple.InAppPurchase = {
								enabled = 1;
							};
						};
					};
					0F901A722F3D0A4600876BDE = {
						CreatedOnToolsVersion = 26.2;
						TestTargetID = 0F901A652F3D0A4400876BDE;
					};
					0F901A7C2F3D0A4600876BDE = {
						CreatedOnToolsVersion = 26.2;
						TestTargetID = 0F901A652F3D0A4400876BDE;
					};
					0F901A922F3D0A4600876BDE = {
						CreatedOnToolsVersion = 26.2;
					};
				};
			};
			buildConfigurationList = 0F901A612F3D0A4400876BDE /* Build configuration list for PBXProject "StereoShift" */;
			developmentRegion = en;
			hasScannedForEncodings = 0;
			knownRegions = (
				ar,
				en,
				es,
				fr,
				hi,
				ja,
				ko,
				"pt-BR",
				"zh-Hans",
				Base,
			);
			mainGroup = 0F901A5D2F3D0A4400876BDE;
			minimizedProjectReferenceProxies = 1;
			preferredProjectObjectVersion = 77;
			productRefGroup = 0F901A672F3D0A4400876BDE /* Products */;
			projectDirPath = "";
			projectRoot = "";
			targets = (
				0F901A652F3D0A4400876BDE /* StereoShift */,
				0F901A722F3D0A4600876BDE /* StereoShiftTests */,
				0F901A7C2F3D0A4600876BDE /* StereoShiftUITests */,
				0F901A922F3D0A4600876BDE /* StereoShiftShareExtension */,
			);
		};
/* End PBXProject section */

/* Begin PBXResourcesBuildPhase section */
		0F901A642F3D0A4400876BDE /* Resources */ = {
			isa = PBXResourcesBuildPhase;
			buildActionMask = 2147483647;
			files = (
			);
			runOnlyForDeploymentPostprocessing = 0;
		};
		0F901A712F3D0A4600876BDE /* Resources */ = {
			isa = PBXResourcesBuildPhase;
			buildActionMask = 2147483647;
			files = (
			);
			runOnlyForDeploymentPostprocessing = 0;
		};
		0F901A7B2F3D0A4600876BDE /* Resources */ = {
			isa = PBXResourcesBuildPhase;
			buildActionMask = 2147483647;
			files = (
			);
			runOnlyForDeploymentPostprocessing = 0;
		};
		0F901A952F3D0A4600876BDE /* Resources */ = {
			isa = PBXResourcesBuildPhase;
			buildActionMask = 2147483647;
			files = (
			);
			runOnlyForDeploymentPostprocessing = 0;
		};
/* End PBXResourcesBuildPhase section */

/* Begin PBXSourcesBuildPhase section */
		0F901A622F3D0A4400876BDE /* Sources */ = {
			isa = PBXSourcesBuildPhase;
			buildActionMask = 2147483647;
			files = (
			);
			runOnlyForDeploymentPostprocessing = 0;
		};
		0F901A6F2F3D0A4600876BDE /* Sources */ = {
			isa = PBXSourcesBuildPhase;
			buildActionMask = 2147483647;
			files = (
			);
			runOnlyForDeploymentPostprocessing = 0;
		};
		0F901A792F3D0A4600876BDE /* Sources */ = {
			isa = PBXSourcesBuildPhase;
			buildActionMask = 2147483647;
			files = (
			);
			runOnlyForDeploymentPostprocessing = 0;
		};
		0F901A932F3D0A4600876BDE /* Sources */ = {
			isa = PBXSourcesBuildPhase;
			buildActionMask = 2147483647;
			files = (
			);
			runOnlyForDeploymentPostprocessing = 0;
		};
/* End PBXSourcesBuildPhase section */

/* Begin PBXTargetDependency section */
		0F901A752F3D0A4600876BDE /* PBXTargetDependency */ = {
			isa = PBXTargetDependency;
			target = 0F901A652F3D0A4400876BDE /* StereoShift */;
			targetProxy = 0F901A742F3D0A4600876BDE /* PBXContainerItemProxy */;
		};
		0F901A7F2F3D0A4600876BDE /* PBXTargetDependency */ = {
			isa = PBXTargetDependency;
			target = 0F901A652F3D0A4400876BDE /* StereoShift */;
			targetProxy = 0F901A7E2F3D0A4600876BDE /* PBXContainerItemProxy */;
		};
		0F901A982F3D0A4600876BDE /* PBXTargetDependency */ = {
			isa = PBXTargetDependency;
			target = 0F901A922F3D0A4600876BDE /* StereoShiftShareExtension */;
			targetProxy = 0F901A992F3D0A4600876BDE /* PBXContainerItemProxy */;
		};
/* End PBXTargetDependency section */

/* Begin XCBuildConfiguration section */
		0F901A852F3D0A4600876BDE /* Debug */ = {
			isa = XCBuildConfiguration;
			buildSettings = {
				ALWAYS_SEARCH_USER_PATHS = NO;
				ASSETCATALOG_COMPILER_GENERATE_SWIFT_ASSET_SYMBOL_EXTENSIONS = YES;
				CLANG_ANALYZER_NONNULL = YES;
				CLANG_ANALYZER_NUMBER_OBJECT_CONVERSION = YES_AGGRESSIVE;
				CLANG_CXX_LANGUAGE_STANDARD = "gnu++20";
				CLANG_ENABLE_MODULES = YES;
				CLANG_ENABLE_OBJC_ARC = YES;
				CLANG_ENABLE_OBJC_WEAK = YES;
				CLANG_WARN_BLOCK_CAPTURE_AUTORELEASING = YES;
				CLANG_WARN_BOOL_CONVERSION = YES;
				CLANG_WARN_COMMA = YES;
				CLANG_WARN_CONSTANT_CONVERSION = YES;
				CLANG_WARN_DEPRECATED_OBJC_IMPLEMENTATIONS = YES;
				CLANG_WARN_DIRECT_OBJC_ISA_USAGE = YES_ERROR;
				CLANG_WARN_DOCUMENTATION_COMMENTS = YES;
				CLANG_WARN_EMPTY_BODY = YES;
				CLANG_WARN_ENUM_CONVERSION = YES;
				CLANG_WARN_INFINITE_RECURSION = YES;
				CLANG_WARN_INT_CONVERSION = YES;
				CLANG_WARN_NON_LITERAL_NULL_CONVERSION = YES;
				CLANG_WARN_OBJC_IMPLICIT_RETAIN_SELF = YES;
				CLANG_WARN_OBJC_LITERAL_CONVERSION = YES;
				CLANG_WARN_OBJC_ROOT_CLASS = YES_ERROR;
				CLANG_WARN_QUOTED_INCLUDE_IN_FRAMEWORK_HEADER = YES;
				CLANG_WARN_RANGE_LOOP_ANALYSIS = YES;
				CLANG_WARN_STRICT_PROTOTYPES = YES;
				CLANG_WARN_SUSPICIOUS_MOVE = YES;
				CLANG_WARN_UNGUARDED_AVAILABILITY = YES_AGGRESSIVE;
				CLANG_WARN_UNREACHABLE_CODE = YES;
				CLANG_WARN__DUPLICATE_METHOD_MATCH = YES;
				COPY_PHASE_STRIP = NO;
				DEBUG_INFORMATION_FORMAT = dwarf;
				DEVELOPMENT_TEAM = HPL74FCW8E;
				ENABLE_STRICT_OBJC_MSGSEND = YES;
				ENABLE_TESTABILITY = YES;
				ENABLE_USER_SCRIPT_SANDBOXING = YES;
				GCC_C_LANGUAGE_STANDARD = gnu17;
				GCC_DYNAMIC_NO_PIC = NO;
				GCC_NO_COMMON_BLOCKS = YES;
				GCC_OPTIMIZATION_LEVEL = 0;
				GCC_PREPROCESSOR_DEFINITIONS = (
					"DEBUG=1",
					"$(inherited)",
				);
				GCC_WARN_64_TO_32_BIT_CONVERSION = YES;
				GCC_WARN_ABOUT_RETURN_TYPE = YES_ERROR;
				GCC_WARN_UNDECLARED_SELECTOR = YES;
				GCC_WARN_UNINITIALIZED_AUTOS = YES_AGGRESSIVE;
				GCC_WARN_UNUSED_FUNCTION = YES;
				GCC_WARN_UNUSED_VARIABLE = YES;
				IPHONEOS_DEPLOYMENT_TARGET = 17.0;
				LOCALIZATION_PREFERS_STRING_CATALOGS = YES;
				MTL_ENABLE_DEBUG_INFO = INCLUDE_SOURCE;
				MTL_FAST_MATH = YES;
				ONLY_ACTIVE_ARCH = YES;
				SDKROOT = iphoneos;
				SWIFT_ACTIVE_COMPILATION_CONDITIONS = "DEBUG $(inherited)";
				SWIFT_OPTIMIZATION_LEVEL = "-Onone";
			};
			name = Debug;
		};
		0F901A862F3D0A4600876BDE /* Release */ = {
			isa = XCBuildConfiguration;
			buildSettings = {
				ALWAYS_SEARCH_USER_PATHS = NO;
				ASSETCATALOG_COMPILER_GENERATE_SWIFT_ASSET_SYMBOL_EXTENSIONS = YES;
				CLANG_ANALYZER_NONNULL = YES;
				CLANG_ANALYZER_NUMBER_OBJECT_CONVERSION = YES_AGGRESSIVE;
				CLANG_CXX_LANGUAGE_STANDARD = "gnu++20";
				CLANG_ENABLE_MODULES = YES;
				CLANG_ENABLE_OBJC_ARC = YES;
				CLANG_ENABLE_OBJC_WEAK = YES;
				CLANG_WARN_BLOCK_CAPTURE_AUTORELEASING = YES;
				CLANG_WARN_BOOL_CONVERSION = YES;
				CLANG_WARN_COMMA = YES;
				CLANG_WARN_CONSTANT_CONVERSION = YES;
				CLANG_WARN_DEPRECATED_OBJC_IMPLEMENTATIONS = YES;
				CLANG_WARN_DIRECT_OBJC_ISA_USAGE = YES_ERROR;
				CLANG_WARN_DOCUMENTATION_COMMENTS = YES;
				CLANG_WARN_EMPTY_BODY = YES;
				CLANG_WARN_ENUM_CONVERSION = YES;
				CLANG_WARN_INFINITE_RECURSION = YES;
				CLANG_WARN_INT_CONVERSION = YES;
				CLANG_WARN_NON_LITERAL_NULL_CONVERSION = YES;
				CLANG_WARN_OBJC_IMPLICIT_RETAIN_SELF = YES;
				CLANG_WARN_OBJC_LITERAL_CONVERSION = YES;
				CLANG_WARN_OBJC_ROOT_CLASS = YES_ERROR;
				CLANG_WARN_QUOTED_INCLUDE_IN_FRAMEWORK_HEADER = YES;
				CLANG_WARN_RANGE_LOOP_ANALYSIS = YES;
				CLANG_WARN_STRICT_PROTOTYPES = YES;
				CLANG_WARN_SUSPICIOUS_MOVE = YES;
				CLANG_WARN_UNGUARDED_AVAILABILITY = YES_AGGRESSIVE;
				CLANG_WARN_UNREACHABLE_CODE = YES;
				CLANG_WARN__DUPLICATE_METHOD_MATCH = YES;
				COPY_PHASE_STRIP = NO;
				DEBUG_INFORMATION_FORMAT = "dwarf-with-dsym";
				DEVELOPMENT_TEAM = HPL74FCW8E;
				ENABLE_NS_ASSERTIONS = NO;
				ENABLE_STRICT_OBJC_MSGSEND = YES;
				ENABLE_USER_SCRIPT_SANDBOXING = YES;
				GCC_C_LANGUAGE_STANDARD = gnu17;
				GCC_NO_COMMON_BLOCKS = YES;
				GCC_WARN_64_TO_32_BIT_CONVERSION = YES;
				GCC_WARN_ABOUT_RETURN_TYPE = YES_ERROR;
				GCC_WARN_UNDECLARED_SELECTOR = YES;
				GCC_WARN_UNINITIALIZED_AUTOS = YES_AGGRESSIVE;
				GCC_WARN_UNUSED_FUNCTION = YES;
				GCC_WARN_UNUSED_VARIABLE = YES;
				IPHONEOS_DEPLOYMENT_TARGET = 17.0;
				LOCALIZATION_PREFERS_STRING_CATALOGS = YES;
				MTL_ENABLE_DEBUG_INFO = NO;
				MTL_FAST_MATH = YES;
				SDKROOT = iphoneos;
				SWIFT_COMPILATION_MODE = wholemodule;
				VALIDATE_PRODUCT = YES;
			};
			name = Release;
		};
		0F901A882F3D0A4600876BDE /* Debug */ = {
			isa = XCBuildConfiguration;
			buildSettings = {
				ASSETCATALOG_COMPILER_APPICON_NAME = AppIcon;
				ASSETCATALOG_COMPILER_GLOBAL_ACCENT_COLOR_NAME = AccentColor;
				CODE_SIGN_ENTITLEMENTS = StereoShift/StereoShift.entitlements;
				CODE_SIGN_STYLE = Automatic;
				CURRENT_PROJECT_VERSION = 18;
				DEVELOPMENT_TEAM = HPL74FCW8E;
				ENABLE_PREVIEWS = YES;
				GENERATE_INFOPLIST_FILE = YES;
				INFOPLIST_KEY_NSLocalNetworkUsageDescription = "StereoShift shares your In-App Gallery on your local network when Web Share is enabled.";
				INFOPLIST_KEY_NSPhotoLibraryAddUsageDescription = "StereoShift saves generated 3D photos and videos to your library.";
				INFOPLIST_KEY_UIApplicationSceneManifest_Generation = YES;
				INFOPLIST_KEY_UIApplicationSupportsIndirectInputEvents = YES;
				INFOPLIST_KEY_UILaunchScreen_Generation = YES;
				INFOPLIST_KEY_UISupportedInterfaceOrientations_iPad = "UIInterfaceOrientationPortrait UIInterfaceOrientationPortraitUpsideDown UIInterfaceOrientationLandscapeLeft UIInterfaceOrientationLandscapeRight";
				INFOPLIST_KEY_UISupportedInterfaceOrientations_iPhone = "UIInterfaceOrientationPortrait UIInterfaceOrientationPortraitUpsideDown UIInterfaceOrientationLandscapeLeft UIInterfaceOrientationLandscapeRight";
				LD_RUNPATH_SEARCH_PATHS = (
					"$(inherited)",
					"@executable_path/Frameworks",
				);
				MARKETING_VERSION = 1.2.2;
				PRODUCT_BUNDLE_IDENTIFIER = com.huanglisen.StereoShift;
				PRODUCT_NAME = "$(TARGET_NAME)";
				STRING_CATALOG_GENERATE_SYMBOLS = YES;
				SWIFT_APPROACHABLE_CONCURRENCY = YES;
				SWIFT_EMIT_LOC_STRINGS = YES;
				SWIFT_UPCOMING_FEATURE_MEMBER_IMPORT_VISIBILITY = YES;
				SWIFT_VERSION = 5.0;
				TARGETED_DEVICE_FAMILY = "1,2";
			};
			name = Debug;
		};
		0F901A892F3D0A4600876BDE /* Release */ = {
			isa = XCBuildConfiguration;
			buildSettings = {
				ASSETCATALOG_COMPILER_APPICON_NAME = AppIcon;
				ASSETCATALOG_COMPILER_GLOBAL_ACCENT_COLOR_NAME = AccentColor;
				CODE_SIGN_ENTITLEMENTS = StereoShift/StereoShift.entitlements;
				CODE_SIGN_STYLE = Automatic;
				CURRENT_PROJECT_VERSION = 18;
				DEVELOPMENT_TEAM = HPL74FCW8E;
				ENABLE_PREVIEWS = YES;
				GENERATE_INFOPLIST_FILE = YES;
				INFOPLIST_KEY_NSLocalNetworkUsageDescription = "StereoShift shares your In-App Gallery on your local network when Web Share is enabled.";
				INFOPLIST_KEY_NSPhotoLibraryAddUsageDescription = "StereoShift saves generated 3D photos and videos to your library.";
				INFOPLIST_KEY_UIApplicationSceneManifest_Generation = YES;
				INFOPLIST_KEY_UIApplicationSupportsIndirectInputEvents = YES;
				INFOPLIST_KEY_UILaunchScreen_Generation = YES;
				INFOPLIST_KEY_UISupportedInterfaceOrientations_iPad = "UIInterfaceOrientationPortrait UIInterfaceOrientationPortraitUpsideDown UIInterfaceOrientationLandscapeLeft UIInterfaceOrientationLandscapeRight";
				INFOPLIST_KEY_UISupportedInterfaceOrientations_iPhone = "UIInterfaceOrientationPortrait UIInterfaceOrientationPortraitUpsideDown UIInterfaceOrientationLandscapeLeft UIInterfaceOrientationLandscapeRight";
				LD_RUNPATH_SEARCH_PATHS = (
					"$(inherited)",
					"@executable_path/Frameworks",
				);
				MARKETING_VERSION = 1.2.2;
				PRODUCT_BUNDLE_IDENTIFIER = com.huanglisen.StereoShift;
				PRODUCT_NAME = "$(TARGET_NAME)";
				STRING_CATALOG_GENERATE_SYMBOLS = YES;
				SWIFT_APPROACHABLE_CONCURRENCY = YES;
				SWIFT_EMIT_LOC_STRINGS = YES;
				SWIFT_UPCOMING_FEATURE_MEMBER_IMPORT_VISIBILITY = YES;
				SWIFT_VERSION = 5.0;
				TARGETED_DEVICE_FAMILY = "1,2";
			};
			name = Release;
		};
		0F901A8B2F3D0A4600876BDE /* Debug */ = {
			isa = XCBuildConfiguration;
			buildSettings = {
				BUNDLE_LOADER = "$(TEST_HOST)";
				CODE_SIGN_STYLE = Automatic;
				CURRENT_PROJECT_VERSION = 18;
				DEVELOPMENT_TEAM = HPL74FCW8E;
				GENERATE_INFOPLIST_FILE = YES;
				IPHONEOS_DEPLOYMENT_TARGET = 17.0;
				MARKETING_VERSION = 1.2.2;
				PRODUCT_BUNDLE_IDENTIFIER = com.huanglisen.StereoShiftTests;
				PRODUCT_NAME = "$(TARGET_NAME)";
				STRING_CATALOG_GENERATE_SYMBOLS = NO;
				SWIFT_APPROACHABLE_CONCURRENCY = YES;
				SWIFT_EMIT_LOC_STRINGS = NO;
				SWIFT_UPCOMING_FEATURE_MEMBER_IMPORT_VISIBILITY = YES;
				SWIFT_VERSION = 5.0;
				TARGETED_DEVICE_FAMILY = "1,2";
				TEST_HOST = "$(BUILT_PRODUCTS_DIR)/StereoShift.app/$(BUNDLE_EXECUTABLE_FOLDER_PATH)/StereoShift";
			};
			name = Debug;
		};
		0F901A8C2F3D0A4600876BDE /* Release */ = {
			isa = XCBuildConfiguration;
			buildSettings = {
				BUNDLE_LOADER = "$(TEST_HOST)";
				CODE_SIGN_STYLE = Automatic;
				CURRENT_PROJECT_VERSION = 18;
				DEVELOPMENT_TEAM = HPL74FCW8E;
				GENERATE_INFOPLIST_FILE = YES;
				IPHONEOS_DEPLOYMENT_TARGET = 17.0;
				MARKETING_VERSION = 1.2.2;
				PRODUCT_BUNDLE_IDENTIFIER = com.huanglisen.StereoShiftTests;
				PRODUCT_NAME = "$(TARGET_NAME)";
				STRING_CATALOG_GENERATE_SYMBOLS = NO;
				SWIFT_APPROACHABLE_CONCURRENCY = YES;
				SWIFT_EMIT_LOC_STRINGS = NO;
				SWIFT_UPCOMING_FEATURE_MEMBER_IMPORT_VISIBILITY = YES;
				SWIFT_VERSION = 5.0;
				TARGETED_DEVICE_FAMILY = "1,2";
				TEST_HOST = "$(BUILT_PRODUCTS_DIR)/StereoShift.app/$(BUNDLE_EXECUTABLE_FOLDER_PATH)/StereoShift";
			};
			name = Release;
		};
		0F901A8E2F3D0A4600876BDE /* Debug */ = {
			isa = XCBuildConfiguration;
			buildSettings = {
				CODE_SIGN_STYLE = Automatic;
				CURRENT_PROJECT_VERSION = 18;
				DEVELOPMENT_TEAM = HPL74FCW8E;
				GENERATE_INFOPLIST_FILE = YES;
				MARKETING_VERSION = 1.2.2;
				PRODUCT_BUNDLE_IDENTIFIER = com.huanglisen.StereoShiftUITests;
				PRODUCT_NAME = "$(TARGET_NAME)";
				STRING_CATALOG_GENERATE_SYMBOLS = NO;
				SWIFT_APPROACHABLE_CONCURRENCY = YES;
				SWIFT_EMIT_LOC_STRINGS = NO;
				SWIFT_UPCOMING_FEATURE_MEMBER_IMPORT_VISIBILITY = YES;
				SWIFT_VERSION = 5.0;
				TARGETED_DEVICE_FAMILY = "1,2";
				TEST_TARGET_NAME = StereoShift;
			};
			name = Debug;
		};
		0F901A8F2F3D0A4600876BDE /* Release */ = {
			isa = XCBuildConfiguration;
			buildSettings = {
				CODE_SIGN_STYLE = Automatic;
				CURRENT_PROJECT_VERSION = 18;
				DEVELOPMENT_TEAM = HPL74FCW8E;
				GENERATE_INFOPLIST_FILE = YES;
				MARKETING_VERSION = 1.2.2;
				PRODUCT_BUNDLE_IDENTIFIER = com.huanglisen.StereoShiftUITests;
				PRODUCT_NAME = "$(TARGET_NAME)";
				STRING_CATALOG_GENERATE_SYMBOLS = NO;
				SWIFT_APPROACHABLE_CONCURRENCY = YES;
				SWIFT_EMIT_LOC_STRINGS = NO;
				SWIFT_UPCOMING_FEATURE_MEMBER_IMPORT_VISIBILITY = YES;
				SWIFT_VERSION = 5.0;
				TARGETED_DEVICE_FAMILY = "1,2";
				TEST_TARGET_NAME = StereoShift;
			};
			name = Release;
		};
		0F901A9B2F3D0A4600876BDE /* Debug */ = {
			isa = XCBuildConfiguration;
			buildSettings = {
				APPLICATION_EXTENSION_API_ONLY = YES;
				CODE_SIGN_ENTITLEMENTS = StereoShiftShareExtension/StereoShiftShareExtension.entitlements;
				CODE_SIGN_STYLE = Automatic;
				CURRENT_PROJECT_VERSION = 18;
				DEVELOPMENT_TEAM = HPL74FCW8E;
				GENERATE_INFOPLIST_FILE = NO;
				INFOPLIST_FILE = "StereoShiftShareExtension-Info.plist";
				IPHONEOS_DEPLOYMENT_TARGET = 17.0;
				MARKETING_VERSION = 1.2.2;
				PRODUCT_BUNDLE_IDENTIFIER = com.huanglisen.StereoShift.ShareExtension;
				PRODUCT_NAME = "$(TARGET_NAME)";
				SKIP_INSTALL = YES;
				SWIFT_VERSION = 5.0;
				TARGETED_DEVICE_FAMILY = "1,2";
			};
			name = Debug;
		};
		0F901A9C2F3D0A4600876BDE /* Release */ = {
			isa = XCBuildConfiguration;
			buildSettings = {
				APPLICATION_EXTENSION_API_ONLY = YES;
				CODE_SIGN_ENTITLEMENTS = StereoShiftShareExtension/StereoShiftShareExtension.entitlements;
				CODE_SIGN_STYLE = Automatic;
				CURRENT_PROJECT_VERSION = 18;
				DEVELOPMENT_TEAM = HPL74FCW8E;
				GENERATE_INFOPLIST_FILE = NO;
				INFOPLIST_FILE = "StereoShiftShareExtension-Info.plist";
				IPHONEOS_DEPLOYMENT_TARGET = 17.0;
				MARKETING_VERSION = 1.2.2;
				PRODUCT_BUNDLE_IDENTIFIER = com.huanglisen.StereoShift.ShareExtension;
				PRODUCT_NAME = "$(TARGET_NAME)";
				SKIP_INSTALL = YES;
				SWIFT_VERSION = 5.0;
				TARGETED_DEVICE_FAMILY = "1,2";
			};
			name = Release;
		};
/* End XCBuildConfiguration section */

/* Begin XCConfigurationList section */
		0F901A612F3D0A4400876BDE /* Build configuration list for PBXProject "StereoShift" */ = {
			isa = XCConfigurationList;
			buildConfigurations = (
				0F901A852F3D0A4600876BDE /* Debug */,
				0F901A862F3D0A4600876BDE /* Release */,
			);
			defaultConfigurationIsVisible = 0;
			defaultConfigurationName = Release;
		};
		0F901A872F3D0A4600876BDE /* Build configuration list for PBXNativeTarget "StereoShift" */ = {
			isa = XCConfigurationList;
			buildConfigurations = (
				0F901A882F3D0A4600876BDE /* Debug */,
				0F901A892F3D0A4600876BDE /* Release */,
			);
			defaultConfigurationIsVisible = 0;
			defaultConfigurationName = Release;
		};
		0F901A8A2F3D0A4600876BDE /* Build configuration list for PBXNativeTarget "StereoShiftTests" */ = {
			isa = XCConfigurationList;
			buildConfigurations = (
				0F901A8B2F3D0A4600876BDE /* Debug */,
				0F901A8C2F3D0A4600876BDE /* Release */,
			);
			defaultConfigurationIsVisible = 0;
			defaultConfigurationName = Release;
		};
		0F901A8D2F3D0A4600876BDE /* Build configuration list for PBXNativeTarget "StereoShiftUITests" */ = {
			isa = XCConfigurationList;
			buildConfigurations = (
				0F901A8E2F3D0A4600876BDE /* Debug */,
				0F901A8F2F3D0A4600876BDE /* Release */,
			);
			defaultConfigurationIsVisible = 0;
			defaultConfigurationName = Release;
		};
		0F901A9A2F3D0A4600876BDE /* Build configuration list for PBXNativeTarget "StereoShiftShareExtension" */ = {
			isa = XCConfigurationList;
			buildConfigurations = (
				0F901A9B2F3D0A4600876BDE /* Debug */,
				0F901A9C2F3D0A4600876BDE /* Release */,
			);
			defaultConfigurationIsVisible = 0;
			defaultConfigurationName = Release;
		};
/* End XCConfigurationList section */
	};
	rootObject = 0F901A5E2F3D0A4400876BDE /* Project object */;
}
